
Microsoft Visual Studio Solution File, Format Version 12.00
# Visual Studio Version 16
VisualStudioVersion = 16.0.30204.135
MinimumVisualStudioVersion = 10.0.40219.1
Project("{FAE04EC0-301F-11D3-BF4B-00C04F79EFBC}") = "SortVectors", "SortVectors\SortVectors.csproj", "{65FFF06F-5E72-419D-A6A9-96136B6E2888}"
EndProject
Global
	GlobalSection(SolutionConfigurationPlatforms) = preSolution
		Debug|Any CPU = Debug|Any CPU
		Release|Any CPU = Release|Any CPU
	EndGlobalSection
	GlobalSection(ProjectConfigurationPlatforms) = postSolution
		{65FFF06F-5E72-419D-A6A9-96136B6E2888}.Debug|Any CPU.ActiveCfg = Debug|Any CPU
		{65FFF06F-5E72-419D-A6A9-96136B6E2888}.Debug|Any CPU.Build.0 = Debug|Any CPU
		{65FFF06F-5E72-419D-A6A9-96136B6E2888}.Release|Any CPU.ActiveCfg = Release|Any CPU
		{65FFF06F-5E72-419D-A6A9-96136B6E2888}.Release|Any CPU.Build.0 = Release|Any CPU
	EndGlobalSection
	GlobalSection(SolutionProperties) = preSolution
		HideSolutionNode = FALSE
	EndGlobalSection
	GlobalSection(ExtensibilityGlobals) = postSolution
		SolutionGuid = {B75E4FE9-3C66-4972-821D-C2F1807250BB}
	EndGlobalSection
EndGlobal
